
Microsoft Visual Studio Solution File, Format Version 12.00
# Visual Studio 15
VisualStudioVersion = 15.0.27130.2027
MinimumVisualStudioVersion = 10.0.40219.1
Project("{9A19103F-16F7-4668-BE54-9A1E7A4F7556}") = "AuctionHunter", "AuctionHunter\AuctionHunter.csproj", "{1BCB601C-4EBF-45CC-BC6F-D1F1EC372D35}"
EndProject
Project("{9A19103F-16F7-4668-BE54-9A1E7A4F7556}") = "AuctionHunterFront", "AuctionHunterFront\AuctionHunterFront.csproj", "{D357D53F-4FA1-4D5A-9368-2BE6B513F05B}"
EndProject
Global
	GlobalSection(SolutionConfigurationPlatforms) = preSolution
		Debug|Any CPU = Debug|Any CPU
		Release|Any CPU = Release|Any CPU
	EndGlobalSection
	GlobalSection(ProjectConfigurationPlatforms) = postSolution
		{1BCB601C-4EBF-45CC-BC6F-D1F1EC372D35}.Debug|Any CPU.ActiveCfg = Debug|Any CPU
		{1BCB601C-4EBF-45CC-BC6F-D1F1EC372D35}.Debug|Any CPU.Build.0 = Debug|Any CPU
		{1BCB601C-4EBF-45CC-BC6F-D1F1EC372D35}.Release|Any CPU.ActiveCfg = Release|Any CPU
		{1BCB601C-4EBF-45CC-BC6F-D1F1EC372D35}.Release|Any CPU.Build.0 = Release|Any CPU
		{D357D53F-4FA1-4D5A-9368-2BE6B513F05B}.Debug|Any CPU.ActiveCfg = Debug|Any CPU
		{D357D53F-4FA1-4D5A-9368-2BE6B513F05B}.Debug|Any CPU.Build.0 = Debug|Any CPU
		{D357D53F-4FA1-4D5A-9368-2BE6B513F05B}.Release|Any CPU.ActiveCfg = Release|Any CPU
		{D357D53F-4FA1-4D5A-9368-2BE6B513F05B}.Release|Any CPU.Build.0 = Release|Any CPU
	EndGlobalSection
	GlobalSection(SolutionProperties) = preSolution
		HideSolutionNode = FALSE
	EndGlobalSection
	GlobalSection(ExtensibilityGlobals) = postSolution
		SolutionGuid = {B1D600C8-867E-458F-819F-788A1E4117D4}
	EndGlobalSection
EndGlobal
